// !$*UTF8*$!
{
	archiveVersion = 1;
	classes = {
	};
	objectVersion = 51;
	objects = {

/* Begin PBXBuildFile section */
		6C3AAB56269C8969002320CF /* AppDelegate.swift in Sources */ = {isa = PBXBuildFile; fileRef = 6C3AAB55269C8969002320CF /* AppDelegate.swift */; };
		6C3AAB58269C8969002320CF /* SceneDelegate.swift in Sources */ = {isa = PBXBuildFile; fileRef = 6C3AAB57269C8969002320CF /* SceneDelegate.swift */; };
		6C3AAB5A269C8969002320CF /* ViewController.swift in Sources */ = {isa = PBXBuildFile; fileRef = 6C3AAB59269C8969002320CF /* ViewController.swift */; };
		6C3AAB5D269C8969002320CF /* Main.storyboard in Resources */ = {isa = PBXBuildFile; fileRef = 6C3AAB5B269C8969002320CF /* Main.storyboard */; };
		6C3AAB5F269C896D002320CF /* Assets.xcassets in Resources */ = {isa = PBXBuildFile; fileRef = 6C3AAB5E269C896D002320CF /* Assets.xcassets */; };
		6C3AAB62269C896D002320CF /* LaunchScreen.storyboard in Resources */ = {isa = PBXBuildFile; fileRef = 6C3AAB60269C896D002320CF /* LaunchScreen.storyboard */; };
		6C3AAB6B269CA351002320CF /* EndpointProtocol.swift in Sources */ = {isa = PBXBuildFile; fileRef = 6C3AAB6A269CA351002320CF /* EndpointProtocol.swift */; };
		6C3AAB6D269CA4B2002320CF /* NetworkClient.swift in Sources */ = {isa = PBXBuildFile; fileRef = 6C3AAB6C269CA4B2002320CF /* NetworkClient.swift */; };
		6C3AAB70269CC246002320CF /* Encodable+Extension.swift in Sources */ = {isa = PBXBuildFile; fileRef = 6C3AAB6F269CC246002320CF /* Encodable+Extension.swift */; };
		6C3AAB73269CCA20002320CF /* Config.swift in Sources */ = {isa = PBXBuildFile; fileRef = 6C3AAB72269CCA20002320CF /* Config.swift */; };
		CB15B48B375281B0476C1861 /* Pods_TTWeather.framework in Frameworks */ = {isa = PBXBuildFile; fileRef = FF4CE82EBF387123667B43FF /* Pods_TTWeather.framework */; };
/* End PBXBuildFile section */

/* Begin PBXFileReference section */
		43565FD57CDC1E09B13281F9 /* Pods-TTWeather.debug.xcconfig */ = {isa = PBXFileReference; includeInIndex = 1; lastKnownFileType = text.xcconfig; name = "Pods-TTWeather.debug.xcconfig"; path = "Target Support Files/Pods-TTWeather/Pods-TTWeather.debug.xcconfig"; sourceTree = "<group>"; };
		6C3AAB52269C8969002320CF /* TTWeather.app */ = {isa = PBXFileReference; explicitFileType = wrapper.application; includeInIndex = 0; path = TTWeather.app; sourceTree = BUILT_PRODUCTS_DIR; };
		6C3AAB55269C8969002320CF /* AppDelegate.swift */ = {isa = PBXFileReference; lastKnownFileType = sourcecode.swift; path = AppDelegate.swift; sourceTree = "<group>"; };
		6C3AAB57269C8969002320CF /* SceneDelegate.swift */ = {isa = PBXFileReference; lastKnownFileType = sourcecode.swift; path = SceneDelegate.swift; sourceTree = "<group>"; };
		6C3AAB59269C8969002320CF /* ViewController.swift */ = {isa = PBXFileReference; lastKnownFileType = sourcecode.swift; path = ViewController.swift; sourceTree = "<group>"; };
		6C3AAB5C269C8969002320CF /* Base */ = {isa = PBXFileReference; lastKnownFileType = file.storyboard; name = Base; path = Base.lproj/Main.storyboard; sourceTree = "<group>"; };
		6C3AAB5E269C896D002320CF /* Assets.xcassets */ = {isa = PBXFileReference; lastKnownFileType = folder.assetcatalog; path = Assets.xcassets; sourceTree = "<group>"; };
		6C3AAB61269C896D002320CF /* Base */ = {isa = PBXFileReference; lastKnownFileType = file.storyboard; name = Base; path = Base.lproj/LaunchScreen.storyboard; sourceTree = "<group>"; };
		6C3AAB63269C896D002320CF /* Info.plist */ = {isa = PBXFileReference; lastKnownFileType = text.plist.xml; path = Info.plist; sourceTree = "<group>"; };
		6C3AAB6A269CA351002320CF /* EndpointProtocol.swift */ = {isa = PBXFileReference; lastKnownFileType = sourcecode.swift; path = EndpointProtocol.swift; sourceTree = SOURCE_ROOT; };
		6C3AAB6C269CA4B2002320CF /* NetworkClient.swift */ = {isa = PBXFileReference; lastKnownFileType = sourcecode.swift; path = NetworkClient.swift; sourceTree = "<group>"; };
		6C3AAB6F269CC246002320CF /* Encodable+Extension.swift */ = {isa = PBXFileReference; lastKnownFileType = sourcecode.swift; path = "Encodable+Extension.swift"; sourceTree = "<group>"; };
		6C3AAB72269CCA20002320CF /* Config.swift */ = {isa = PBXFileReference; lastKnownFileType = sourcecode.swift; path = Config.swift; sourceTree = "<group>"; };
		F1BB4BC8F850AA7C1EE239BA /* Pods-TTWeather.release.xcconfig */ = {isa = PBXFileReference; includeInIndex = 1; lastKnownFileType = text.xcconfig; name = "Pods-TTWeather.release.xcconfig"; path = "Target Support Files/Pods-TTWeather/Pods-TTWeather.release.xcconfig"; sourceTree = "<group>"; };
		FF4CE82EBF387123667B43FF /* Pods_TTWeather.framework */ = {isa = PBXFileReference; explicitFileType = wrapper.framework; includeInIndex = 0; path = Pods_TTWeather.framework; sourceTree = BUILT_PRODUCTS_DIR; };
/* End PBXFileReference section */

/* Begin PBXFrameworksBuildPhase section */
		6C3AAB4F269C8969002320CF /* Frameworks */ = {
			isa = PBXFrameworksBuildPhase;
			buildActionMask = 2147483647;
			files = (
				CB15B48B375281B0476C1861 /* Pods_TTWeather.framework in Frameworks */,
			);
			runOnlyForDeploymentPostprocessing = 0;
		};
/* End PBXFrameworksBuildPhase section */

/* Begin PBXGroup section */
		55A4E9ECB459452B09DEA467 /* Pods */ = {
			isa = PBXGroup;
			children = (
				43565FD57CDC1E09B13281F9 /* Pods-TTWeather.debug.xcconfig */,
				F1BB4BC8F850AA7C1EE239BA /* Pods-TTWeather.release.xcconfig */,
			);
			path = Pods;
			sourceTree = "<group>";
		};
		6C3AAB49269C8969002320CF = {
			isa = PBXGroup;
			children = (
				6C3AAB54269C8969002320CF /* TTWeather */,
				6C3AAB53269C8969002320CF /* Products */,
				55A4E9ECB459452B09DEA467 /* Pods */,
				F963D22515952EA3DA69D831 /* Frameworks */,
			);
			sourceTree = "<group>";
		};
		6C3AAB53269C8969002320CF /* Products */ = {
			isa = PBXGroup;
			children = (
				6C3AAB52269C8969002320CF /* TTWeather.app */,
			);
			name = Products;
			sourceTree = "<group>";
		};
		6C3AAB54269C8969002320CF /* TTWeather */ = {
			isa = PBXGroup;
			children = (
				6C3AAB71269CCA14002320CF /* Config */,
				6C3AAB6E269CC238002320CF /* Extension */,
				6C3AAB69269CA329002320CF /* Networking */,
				6C3AAB59269C8969002320CF /* ViewController.swift */,
				6C3AAB5B269C8969002320CF /* Main.storyboard */,
				6C3AAB5E269C896D002320CF /* Assets.xcassets */,
				6C3AAB60269C896D002320CF /* LaunchScreen.storyboard */,
				6C3AAB63269C896D002320CF /* Info.plist */,
			);
			path = TTWeather;
			sourceTree = "<group>";
		};
		6C3AAB69269CA329002320CF /* Networking */ = {
			isa = PBXGroup;
			children = (
				6C3AAB6A269CA351002320CF /* EndpointProtocol.swift */,
				6C3AAB6C269CA4B2002320CF /* NetworkClient.swift */,
			);
			path = Networking;
			sourceTree = "<group>";
		};
		6C3AAB6E269CC238002320CF /* Extension */ = {
			isa = PBXGroup;
			children = (
				6C3AAB6F269CC246002320CF /* Encodable+Extension.swift */,
			);
			path = Extension;
			sourceTree = "<group>";
		};
		6C3AAB71269CCA14002320CF /* Config */ = {
			isa = PBXGroup;
			children = (
				6C3AAB57269C8969002320CF /* SceneDelegate.swift */,
				6C3AAB55269C8969002320CF /* AppDelegate.swift */,
				6C3AAB72269CCA20002320CF /* Config.swift */,
			);
			path = Config;
			sourceTree = "<group>";
		};
		F963D22515952EA3DA69D831 /* Frameworks */ = {
			isa = PBXGroup;
			children = (
				FF4CE82EBF387123667B43FF /* Pods_TTWeather.framework */,
			);
			name = Frameworks;
			sourceTree = "<group>";
		};
/* End PBXGroup section */

/* Begin PBXNativeTarget section */
		6C3AAB51269C8969002320CF /* TTWeather */ = {
			isa = PBXNativeTarget;
			buildConfigurationList = 6C3AAB66269C896D002320CF /* Build configuration list for PBXNativeTarget "TTWeather" */;
			buildPhases = (
				360333066B20D8BFE2E60913 /* [CP] Check Pods Manifest.lock */,
				6C3AAB4E269C8969002320CF /* Sources */,
				6C3AAB4F269C8969002320CF /* Frameworks */,
				6C3AAB50269C8969002320CF /* Resources */,
				6DE787A4960512D9255CD5ED /* [CP] Embed Pods Frameworks */,
			);
			buildRules = (
			);
			dependencies = (
			);
			name = TTWeather;
			productName = TTWeather;
			productReference = 6C3AAB52269C8969002320CF /* TTWeather.app */;
			productType = "com.apple.product-type.application";
		};
/* End PBXNativeTarget section */

/* Begin PBXProject section */
		6C3AAB4A269C8969002320CF /* Project object */ = {
			isa = PBXProject;
			attributes = {
				LastSwiftUpdateCheck = 1250;
				LastUpgradeCheck = 1250;
				TargetAttributes = {
					6C3AAB51269C8969002320CF = {
						CreatedOnToolsVersion = 12.5.1;
					};
				};
			};
			buildConfigurationList = 6C3AAB4D269C8969002320CF /* Build configuration list for PBXProject "TTWeather" */;
			compatibilityVersion = "Xcode 9.3";
			developmentRegion = en;
			hasScannedForEncodings = 0;
			knownRegions = (
				en,
				Base,
			);
			mainGroup = 6C3AAB49269C8969002320CF;
			productRefGroup = 6C3AAB53269C8969002320CF /* Products */;
			projectDirPath = "";
			projectRoot = "";
			targets = (
				6C3AAB51269C8969002320CF /* TTWeather */,
			);
		};
/* End PBXProject section */

/* Begin PBXResourcesBuildPhase section */
		6C3AAB50269C8969002320CF /* Resources */ = {
			isa = PBXResourcesBuildPhase;
			buildActionMask = 2147483647;
			files = (
				6C3AAB62269C896D002320CF /* LaunchScreen.storyboard in Resources */,
				6C3AAB5F269C896D002320CF /* Assets.xcassets in Resources */,
				6C3AAB5D269C8969002320CF /* Main.storyboard in Resources */,
			);
			runOnlyForDeploymentPostprocessing = 0;
		};
/* End PBXResourcesBuildPhase section */

/* Begin PBXShellScriptBuildPhase section */
		360333066B20D8BFE2E60913 /* [CP] Check Pods Manifest.lock */ = {
			isa = PBXShellScriptBuildPhase;
			buildActionMask = 2147483647;
			files = (
			);
			inputFileListPaths = (
			);
			inputPaths = (
				"${PODS_PODFILE_DIR_PATH}/Podfile.lock",
				"${PODS_ROOT}/Manifest.lock",
			);
			name = "[CP] Check Pods Manifest.lock";
			outputFileListPaths = (
			);
			outputPaths = (
				"$(DERIVED_FILE_DIR)/Pods-TTWeather-checkManifestLockResult.txt",
			);
			runOnlyForDeploymentPostprocessing = 0;
			shellPath = /bin/sh;
			shellScript = "diff \"${PODS_PODFILE_DIR_PATH}/Podfile.lock\" \"${PODS_ROOT}/Manifest.lock\" > /dev/null\nif [ $? != 0 ] ; then\n    # print error to STDERR\n    echo \"error: The sandbox is not in sync with the Podfile.lock. Run 'pod install' or update your CocoaPods installation.\" >&2\n    exit 1\nfi\n# This output is used by Xcode 'outputs' to avoid re-running this script phase.\necho \"SUCCESS\" > \"${SCRIPT_OUTPUT_FILE_0}\"\n";
			showEnvVarsInLog = 0;
		};
		6DE787A4960512D9255CD5ED /* [CP] Embed Pods Frameworks */ = {
			isa = PBXShellScriptBuildPhase;
			buildActionMask = 2147483647;
			files = (
			);
			inputFileListPaths = (
				"${PODS_ROOT}/Target Support Files/Pods-TTWeather/Pods-TTWeather-frameworks-${CONFIGURATION}-input-files.xcfilelist",
			);
			name = "[CP] Embed Pods Frameworks";
			outputFileListPaths = (
				"${PODS_ROOT}/Target Support Files/Pods-TTWeather/Pods-TTWeather-frameworks-${CONFIGURATION}-output-files.xcfilelist",
			);
			runOnlyForDeploymentPostprocessing = 0;
			shellPath = /bin/sh;
			shellScript = "\"${PODS_ROOT}/Target Support Files/Pods-TTWeather/Pods-TTWeather-frameworks.sh\"\n";
			showEnvVarsInLog = 0;
		};
/* End PBXShellScriptBuildPhase section */

/* Begin PBXSourcesBuildPhase section */
		6C3AAB4E269C8969002320CF /* Sources */ = {
			isa = PBXSourcesBuildPhase;
			buildActionMask = 2147483647;
			files = (
				6C3AAB6B269CA351002320CF /* EndpointProtocol.swift in Sources */,
				6C3AAB6D269CA4B2002320CF /* NetworkClient.swift in Sources */,
				6C3AAB5A269C8969002320CF /* ViewController.swift in Sources */,
				6C3AAB73269CCA20002320CF /* Config.swift in Sources */,
				6C3AAB56269C8969002320CF /* AppDelegate.swift in Sources */,
				6C3AAB58269C8969002320CF /* SceneDelegate.swift in Sources */,
				6C3AAB70269CC246002320CF /* Encodable+Extension.swift in Sources */,
			);
			runOnlyForDeploymentPostprocessing = 0;
		};
/* End PBXSourcesBuildPhase section */

/* Begin PBXVariantGroup section */
		6C3AAB5B269C8969002320CF /* Main.storyboard */ = {
			isa = PBXVariantGroup;
			children = (
				6C3AAB5C269C8969002320CF /* Base */,
			);
			name = Main.storyboard;
			sourceTree = "<group>";
		};
		6C3AAB60269C896D002320CF /* LaunchScreen.storyboard */ = {
			isa = PBXVariantGroup;
			children = (
				6C3AAB61269C896D002320CF /* Base */,
			);
			name = LaunchScreen.storyboard;
			sourceTree = "<group>";
		};
/* End PBXVariantGroup section */

/* Begin XCBuildConfiguration section */
		6C3AAB64269C896D002320CF /* Debug */ = {
			isa = XCBuildConfiguration;
			buildSettings = {
				ALWAYS_SEARCH_USER_PATHS = NO;
				CLANG_ANALYZER_NONNULL = YES;
				CLANG_ANALYZER_NUMBER_OBJECT_CONVERSION = YES_AGGRESSIVE;
				CLANG_CXX_LANGUAGE_STANDARD = "gnu++14";
				CLANG_CXX_LIBRARY = "libc++";
				CLANG_ENABLE_MODULES = YES;
				CLANG_ENABLE_OBJC_ARC = YES;
				CLANG_ENABLE_OBJC_WEAK = YES;
				CLANG_WARN_BLOCK_CAPTURE_AUTORELEASING = YES;
				CLANG_WARN_BOOL_CONVERSION = YES;
				CLANG_WARN_COMMA = YES;
				CLANG_WARN_CONSTANT_CONVERSION = YES;
				CLANG_WARN_DEPRECATED_OBJC_IMPLEMENTATIONS = YES;
				CLANG_WARN_DIRECT_OBJC_ISA_USAGE = YES_ERROR;
				CLANG_WARN_DOCUMENTATION_COMMENTS = YES;
				CLANG_WARN_EMPTY_BODY = YES;
				CLANG_WARN_ENUM_CONVERSION = YES;
				CLANG_WARN_INFINITE_RECURSION = YES;
				CLANG_WARN_INT_CONVERSION = YES;
				CLANG_WARN_NON_LITERAL_NULL_CONVERSION = YES;
				CLANG_WARN_OBJC_IMPLICIT_RETAIN_SELF = YES;
				CLANG_WARN_OBJC_LITERAL_CONVERSION = YES;
				CLANG_WARN_OBJC_ROOT_CLASS = YES_ERROR;
				CLANG_WARN_QUOTED_INCLUDE_IN_FRAMEWORK_HEADER = YES;
				CLANG_WARN_RANGE_LOOP_ANALYSIS = YES;
				CLANG_WARN_STRICT_PROTOTYPES = YES;
				CLANG_WARN_SUSPICIOUS_MOVE = YES;
				CLANG_WARN_UNGUARDED_AVAILABILITY = YES_AGGRESSIVE;
				CLANG_WARN_UNREACHABLE_CODE = YES;
				CLANG_WARN__DUPLICATE_METHOD_MATCH = YES;
				COPY_PHASE_STRIP = NO;
				DEBUG_INFORMATION_FORMAT = dwarf;
				ENABLE_STRICT_OBJC_MSGSEND = YES;
				ENABLE_TESTABILITY = YES;
				GCC_C_LANGUAGE_STANDARD = gnu11;
				GCC_DYNAMIC_NO_PIC = NO;
				GCC_NO_COMMON_BLOCKS = YES;
				GCC_OPTIMIZATION_LEVEL = 0;
				GCC_PREPROCESSOR_DEFINITIONS = (
					"DEBUG=1",
					"$(inherited)",
				);
				GCC_WARN_64_TO_32_BIT_CONVERSION = YES;
				GCC_WARN_ABOUT_RETURN_TYPE = YES_ERROR;
				GCC_WARN_UNDECLARED_SELECTOR = YES;
				GCC_WARN_UNINITIALIZED_AUTOS = YES_AGGRESSIVE;
				GCC_WARN_UNUSED_FUNCTION = YES;
				GCC_WARN_UNUSED_VARIABLE = YES;
				IPHONEOS_DEPLOYMENT_TARGET = 14.5;
				MTL_ENABLE_DEBUG_INFO = INCLUDE_SOURCE;
				MTL_FAST_MATH = YES;
				ONLY_ACTIVE_ARCH = YES;
				SDKROOT = iphoneos;
				SWIFT_ACTIVE_COMPILATION_CONDITIONS = DEBUG;
				SWIFT_OPTIMIZATION_LEVEL = "-Onone";
			};
			name = Debug;
		};
		6C3AAB65269C896D002320CF /* Release */ = {
			isa = XCBuildConfiguration;
			buildSettings = {
				ALWAYS_SEARCH_USER_PATHS = NO;
				CLANG_ANALYZER_NONNULL = YES;
				CLANG_ANALYZER_NUMBER_OBJECT_CONVERSION = YES_AGGRESSIVE;
				CLANG_CXX_LANGUAGE_STANDARD = "gnu++14";
				CLANG_CXX_LIBRARY = "libc++";
				CLANG_ENABLE_MODULES = YES;
				CLANG_ENABLE_OBJC_ARC = YES;
				CLANG_ENABLE_OBJC_WEAK = YES;
				CLANG_WARN_BLOCK_CAPTURE_AUTORELEASING = YES;
				CLANG_WARN_BOOL_CONVERSION = YES;
				CLANG_WARN_COMMA = YES;
				CLANG_WARN_CONSTANT_CONVERSION = YES;
				CLANG_WARN_DEPRECATED_OBJC_IMPLEMENTATIONS = YES;
				CLANG_WARN_DIRECT_OBJC_ISA_USAGE = YES_ERROR;
				CLANG_WARN_DOCUMENTATION_COMMENTS = YES;
				CLANG_WARN_EMPTY_BODY = YES;
				CLANG_WARN_ENUM_CONVERSION = YES;
				CLANG_WARN_INFINITE_RECURSION = YES;
				CLANG_WARN_INT_CONVERSION = YES;
				CLANG_WARN_NON_LITERAL_NULL_CONVERSION = YES;
				CLANG_WARN_OBJC_IMPLICIT_RETAIN_SELF = YES;
				CLANG_WARN_OBJC_LITERAL_CONVERSION = YES;
				CLANG_WARN_OBJC_ROOT_CLASS = YES_ERROR;
				CLANG_WARN_QUOTED_INCLUDE_IN_FRAMEWORK_HEADER = YES;
				CLANG_WARN_RANGE_LOOP_ANALYSIS = YES;
				CLANG_WARN_STRICT_PROTOTYPES = YES;
				CLANG_WARN_SUSPICIOUS_MOVE = YES;
				CLANG_WARN_UNGUARDED_AVAILABILITY = YES_AGGRESSIVE;
				CLANG_WARN_UNREACHABLE_CODE = YES;
				CLANG_WARN__DUPLICATE_METHOD_MATCH = YES;
				COPY_PHASE_STRIP = NO;
				DEBUG_INFORMATION_FORMAT = "dwarf-with-dsym";
				ENABLE_NS_ASSERTIONS = NO;
				ENABLE_STRICT_OBJC_MSGSEND = YES;
				GCC_C_LANGUAGE_STANDARD = gnu11;
				GCC_NO_COMMON_BLOCKS = YES;
				GCC_WARN_64_TO_32_BIT_CONVERSION = YES;
				GCC_WARN_ABOUT_RETURN_TYPE = YES_ERROR;
				GCC_WARN_UNDECLARED_SELECTOR = YES;
				GCC_WARN_UNINITIALIZED_AUTOS = YES_AGGRESSIVE;
				GCC_WARN_UNUSED_FUNCTION = YES;
				GCC_WARN_UNUSED_VARIABLE = YES;
				IPHONEOS_DEPLOYMENT_TARGET = 14.5;
				MTL_ENABLE_DEBUG_INFO = NO;
				MTL_FAST_MATH = YES;
				SDKROOT = iphoneos;
				SWIFT_COMPILATION_MODE = wholemodule;
				SWIFT_OPTIMIZATION_LEVEL = "-O";
				VALIDATE_PRODUCT = YES;
			};
			name = Release;
		};
		6C3AAB67269C896D002320CF /* Debug */ = {
			isa = XCBuildConfiguration;
			baseConfigurationReference = 43565FD57CDC1E09B13281F9 /* Pods-TTWeather.debug.xcconfig */;
			buildSettings = {
				ASSETCATALOG_COMPILER_APPICON_NAME = AppIcon;
				ASSETCATALOG_COMPILER_GLOBAL_ACCENT_COLOR_NAME = AccentColor;
				CODE_SIGN_STYLE = Automatic;
				DEVELOPMENT_TEAM = YSX96QB4A2;
				INFOPLIST_FILE = TTWeather/Info.plist;
				IPHONEOS_DEPLOYMENT_TARGET = 13.0;
				LD_RUNPATH_SEARCH_PATHS = (
					"$(inherited)",
					"@executable_path/Frameworks",
				);
				PRODUCT_BUNDLE_IDENTIFIER = com.sinanozman.TTWeather;
				PRODUCT_NAME = "$(TARGET_NAME)";
				SWIFT_VERSION = 5.0;
				TARGETED_DEVICE_FAMILY = 1;
			};
			name = Debug;
		};
		6C3AAB68269C896D002320CF /* Release */ = {
			isa = XCBuildConfiguration;
			baseConfigurationReference = F1BB4BC8F850AA7C1EE239BA /* Pods-TTWeather.release.xcconfig */;
			buildSettings = {
				ASSETCATALOG_COMPILER_APPICON_NAME = AppIcon;
				ASSETCATALOG_COMPILER_GLOBAL_ACCENT_COLOR_NAME = AccentColor;
				CODE_SIGN_STYLE = Automatic;
				DEVELOPMENT_TEAM = YSX96QB4A2;
				INFOPLIST_FILE = TTWeather/Info.plist;
				IPHONEOS_DEPLOYMENT_TARGET = 13.0;
				LD_RUNPATH_SEARCH_PATHS = (
					"$(inherited)",
					"@executable_path/Frameworks",
				);
				PRODUCT_BUNDLE_IDENTIFIER = com.sinanozman.TTWeather;
				PRODUCT_NAME = "$(TARGET_NAME)";
				SWIFT_VERSION = 5.0;
				TARGETED_DEVICE_FAMILY = 1;
			};
			name = Release;
		};
/* End XCBuildConfiguration section */

/* Begin XCConfigurationList section */
		6C3AAB4D269C8969002320CF /* Build configuration list for PBXProject "TTWeather" */ = {
			isa = XCConfigurationList;
			buildConfigurations = (
				6C3AAB64269C896D002320CF /* Debug */,
				6C3AAB65269C896D002320CF /* Release */,
			);
			defaultConfigurationIsVisible = 0;
			defaultConfigurationName = Release;
		};
		6C3AAB66269C896D002320CF /* Build configuration list for PBXNativeTarget "TTWeather" */ = {
			isa = XCConfigurationList;
			buildConfigurations = (
				6C3AAB67269C896D002320CF /* Debug */,
				6C3AAB68269C896D002320CF /* Release */,
			);
			defaultConfigurationIsVisible = 0;
			defaultConfigurationName = Release;
		};
/* End XCConfigurationList section */
	};
	rootObject = 6C3AAB4A269C8969002320CF /* Project object */;
}
